
Microsoft Visual Studio Solution File, Format Version 12.00
# Visual Studio 15
VisualStudioVersion = 15.0.28010.2036
MinimumVisualStudioVersion = 10.0.40219.1
Project("{FAE04EC0-301F-11D3-BF4B-00C04F79EFBC}") = "Mesure", "Mesure\Mesure.csproj", "{F42C8283-A1A5-4FF7-ABBC-288C003CDD8A}"
EndProject
Global
	GlobalSection(SolutionConfigurationPlatforms) = preSolution
		Debug|Any CPU = Debug|Any CPU
		Release|Any CPU = Release|Any CPU
	EndGlobalSection
	GlobalSection(ProjectConfigurationPlatforms) = postSolution
		{F42C8283-A1A5-4FF7-ABBC-288C003CDD8A}.Debug|Any CPU.ActiveCfg = Debug|Any CPU
		{F42C8283-A1A5-4FF7-ABBC-288C003CDD8A}.Debug|Any CPU.Build.0 = Debug|Any CPU
		{F42C8283-A1A5-4FF7-ABBC-288C003CDD8A}.Release|Any CPU.ActiveCfg = Release|Any CPU
		{F42C8283-A1A5-4FF7-ABBC-288C003CDD8A}.Release|Any CPU.Build.0 = Release|Any CPU
	EndGlobalSection
	GlobalSection(SolutionProperties) = preSolution
		HideSolutionNode = FALSE
	EndGlobalSection
	GlobalSection(ExtensibilityGlobals) = postSolution
		SolutionGuid = {176691F3-9DB2-4B56-808F-B0219F85B1B9}
	EndGlobalSection
EndGlobal
